
Microsoft Visual Studio Solution File, Format Version 12.00
# Visual Studio Version 16
VisualStudioVersion = 16.0.31624.102
MinimumVisualStudioVersion = 10.0.40219.1
Project("{FAE04EC0-301F-11D3-BF4B-00C04F79EFBC}") = "Allo.ua", "Allo.ua\Allo.ua.csproj", "{5172F52D-FCB4-4107-B60D-827A81D65DE6}"
EndProject
Global
	GlobalSection(SolutionConfigurationPlatforms) = preSolution
		Debug|Any CPU = Debug|Any CPU
		Release|Any CPU = Release|Any CPU
	EndGlobalSection
	GlobalSection(ProjectConfigurationPlatforms) = postSolution
		{5172F52D-FCB4-4107-B60D-827A81D65DE6}.Debug|Any CPU.ActiveCfg = Debug|Any CPU
		{5172F52D-FCB4-4107-B60D-827A81D65DE6}.Debug|Any CPU.Build.0 = Debug|Any CPU
		{5172F52D-FCB4-4107-B60D-827A81D65DE6}.Release|Any CPU.ActiveCfg = Release|Any CPU
		{5172F52D-FCB4-4107-B60D-827A81D65DE6}.Release|Any CPU.Build.0 = Release|Any CPU
	EndGlobalSection
	GlobalSection(SolutionProperties) = preSolution
		HideSolutionNode = FALSE
	EndGlobalSection
	GlobalSection(ExtensibilityGlobals) = postSolution
		SolutionGuid = {D9DF742B-8048-4159-8659-254445C864B7}
	EndGlobalSection
EndGlobal
